
Microsoft Visual Studio Solution File, Format Version 12.00
# Visual Studio Version 17
VisualStudioVersion = 17.0.31919.166
MinimumVisualStudioVersion = 10.0.40219.1
Project("{9A19103F-16F7-4668-BE54-9A1E7A4F7556}") = "UserApp", "UserApp\UserApp.csproj", "{78162A01-0B19-4DDF-9726-5270013A021D}"
EndProject
Project("{9A19103F-16F7-4668-BE54-9A1E7A4F7556}") = "UserViewMainPage", "UserViewMainPage\UserViewMainPage.csproj", "{C0D3E85C-7AFC-41B5-A872-49B9FEB27DD6}"
EndProject
Project("{FAE04EC0-301F-11D3-BF4B-00C04F79EFBC}") = "TestUserApp", "TestUserApp\TestUserApp.csproj", "{86AFE255-2094-4CDA-BA78-AE67FC1B3A3D}"
EndProject
Global
	GlobalSection(SolutionConfigurationPlatforms) = preSolution
		Debug|Any CPU = Debug|Any CPU
		Release|Any CPU = Release|Any CPU
	EndGlobalSection
	GlobalSection(ProjectConfigurationPlatforms) = postSolution
		{78162A01-0B19-4DDF-9726-5270013A021D}.Debug|Any CPU.ActiveCfg = Debug|Any CPU
		{78162A01-0B19-4DDF-9726-5270013A021D}.Debug|Any CPU.Build.0 = Debug|Any CPU
		{78162A01-0B19-4DDF-9726-5270013A021D}.Release|Any CPU.ActiveCfg = Release|Any CPU
		{78162A01-0B19-4DDF-9726-5270013A021D}.Release|Any CPU.Build.0 = Release|Any CPU
		{C0D3E85C-7AFC-41B5-A872-49B9FEB27DD6}.Debug|Any CPU.ActiveCfg = Debug|Any CPU
		{C0D3E85C-7AFC-41B5-A872-49B9FEB27DD6}.Debug|Any CPU.Build.0 = Debug|Any CPU
		{C0D3E85C-7AFC-41B5-A872-49B9FEB27DD6}.Release|Any CPU.ActiveCfg = Release|Any CPU
		{C0D3E85C-7AFC-41B5-A872-49B9FEB27DD6}.Release|Any CPU.Build.0 = Release|Any CPU
		{86AFE255-2094-4CDA-BA78-AE67FC1B3A3D}.Debug|Any CPU.ActiveCfg = Debug|Any CPU
		{86AFE255-2094-4CDA-BA78-AE67FC1B3A3D}.Debug|Any CPU.Build.0 = Debug|Any CPU
		{86AFE255-2094-4CDA-BA78-AE67FC1B3A3D}.Release|Any CPU.ActiveCfg = Release|Any CPU
		{86AFE255-2094-4CDA-BA78-AE67FC1B3A3D}.Release|Any CPU.Build.0 = Release|Any CPU
	EndGlobalSection
	GlobalSection(SolutionProperties) = preSolution
		HideSolutionNode = FALSE
	EndGlobalSection
	GlobalSection(ExtensibilityGlobals) = postSolution
		SolutionGuid = {510ECADB-EBD0-4E19-8CDB-030F2F5F4655}
	EndGlobalSection
EndGlobal
